PODS:
  - ReachabilitySwift (4.3.0)
  - RxCocoa (4.3.1):
    - RxSwift (~> 4.0)
  - RxReachability (0.1.5):
    - ReachabilitySwift (~> 4.3.0)
    - RxCocoa (~> 4)
    - RxSwift (~> 4)
  - RxSwift (4.3.1)

DEPENDENCIES:
  - RxReachability (from `../`)

SPEC REPOS:
  https://github.com/cocoapods/specs.git:
    - ReachabilitySwift
    - RxCocoa
    - RxSwift

EXTERNAL SOURCES:
  RxReachability:
    :path: "../"

SPEC CHECKSUMS:
  ReachabilitySwift: 408477d1b6ed9779dba301953171e017c31241f3
  RxCocoa: 78763c7b07d02455598d9fc3c1ad091a28b73635
  RxReachability: 00168209cf2ac537b956443106f962bfb69c409a
  RxSwift: fe0fd770a43acdb7d0a53da411c9b892e69bb6e4

PODFILE CHECKSUM: 0b709f034b83830e04332003b13d53d31b3fcb7a

COCOAPODS: 1.6.0.beta.2
