PODS:
  - ReachabilitySwift (5.0.0)
  - RxCocoa (6.5.0):
    - RxRelay (= 6.5.0)
    - RxSwift (= 6.5.0)
  - RxReachability (1.2.1):
    - ReachabilitySwift (< 6.0, >= 5.0)
    - RxCocoa (~> 6)
    - RxSwift (~> 6)
  - RxRelay (6.5.0):
    - RxSwift (= 6.5.0)
  - RxSwift (6.5.0)

DEPENDENCIES:
  - RxReachability (from `../`)

SPEC REPOS:
  trunk:
    - ReachabilitySwift
    - RxCocoa
    - RxRelay
    - RxSwift

EXTERNAL SOURCES:
  RxReachability:
    :path: "../"

SPEC CHECKSUMS:
  ReachabilitySwift: 985039c6f7b23a1da463388634119492ff86c825
  RxCocoa: 94f817b71c07517321eb4f9ad299112ca8af743b
  RxReachability: 278afb9aa52ead3f1e8931626181cfe9a4872141
  RxRelay: 1de1523e604c72b6c68feadedd1af3b1b4d0ecbd
  RxSwift: 5710a9e6b17f3c3d6e40d6e559b9fa1e813b2ef8

PODFILE CHECKSUM: dc58bb4cb9071270b5e2c825dde8957d03945c64

COCOAPODS: 1.11.3
