PODS:
  - ReachabilitySwift (5.0.0)
  - RxCocoa (6.0.0):
    - RxRelay (= 6.0.0)
    - RxSwift (= 6.0.0)
  - RxReachability (1.2.0):
    - ReachabilitySwift (< 6.0, >= 5.0)
    - RxCocoa (~> 6)
    - RxSwift (~> 6)
  - RxRelay (6.0.0):
    - RxSwift (= 6.0.0)
  - RxSwift (6.0.0)

DEPENDENCIES:
  - RxReachability (from `../`)

SPEC REPOS:
  trunk:
    - ReachabilitySwift
    - RxCocoa
    - RxRelay
    - RxSwift

EXTERNAL SOURCES:
  RxReachability:
    :path: "../"

SPEC CHECKSUMS:
  ReachabilitySwift: 985039c6f7b23a1da463388634119492ff86c825
  RxCocoa: 3f79328fafa3645b34600f37c31e64c73ae3a80e
  RxReachability: 7c63615ebc63e3076a228cf290ae994c8cc8a6bc
  RxRelay: 8d593be109c06ea850df027351beba614b012ffb
  RxSwift: c14e798c59b9f6e9a2df8fd235602e85cc044295

PODFILE CHECKSUM: dc58bb4cb9071270b5e2c825dde8957d03945c64

COCOAPODS: 1.10.0
